
Microsoft Visual Studio Solution File, Format Version 12.00
# Visual Studio Version 18
VisualStudioVersion = 18.5.11612.153
MinimumVisualStudioVersion = 10.0.40219.1
Project("{8BC9CEB8-8B4A-11D0-8D11-00A0C91BC942}") = "HanoiTower", "HanoiTower\HanoiTower.vcxproj", "{415C14E0-D07C-4A09-B6EE-5611DEB00248}"
EndProject
Project("{8BC9CEB8-8B4A-11D0-8D11-00A0C91BC942}") = "Xmass24", "Xmass24\Xmass24.vcxproj", "{1F938CA9-A224-464D-A109-C482D5114E09}"
EndProject
Project("{8BC9CEB8-8B4A-11D0-8D11-00A0C91BC942}") = "Challenge5", "Challenge5\Challenge5.vcxproj", "{7BC3B92E-94FF-4B71-9BFE-19AD67F13DAD}"
EndProject
Project("{8BC9CEB8-8B4A-11D0-8D11-00A0C91BC942}") = "Exam2014", "Exam2014\Exam2014.vcxproj", "{AF3793B5-F829-40D4-8AD7-6BDF9C744F4D}"
EndProject
Project("{8BC9CEB8-8B4A-11D0-8D11-00A0C91BC942}") = "SimpleNum", "SimpleNum\SimpleNum.vcxproj", "{CE697FC0-97C9-43A7-BFB8-6C3B9912FCED}"
EndProject
Project("{8BC9CEB8-8B4A-11D0-8D11-00A0C91BC942}") = "ExerciceComplProg", "ExerciceComplProg\ExerciceComplProg.vcxproj", "{56FEF43C-2C57-41CE-B296-5A286D674AFE}"
EndProject
Project("{8BC9CEB8-8B4A-11D0-8D11-00A0C91BC942}") = "Sandbox", "Sandbox\Sandbox.vcxproj", "{AC9FC79E-549B-4324-BCCD-122C4F17092B}"
EndProject
Global
	GlobalSection(SolutionConfigurationPlatforms) = preSolution
		Debug|x64 = Debug|x64
		Debug|x86 = Debug|x86
		Release|x64 = Release|x64
		Release|x86 = Release|x86
	EndGlobalSection
	GlobalSection(ProjectConfigurationPlatforms) = postSolution
		{415C14E0-D07C-4A09-B6EE-5611DEB00248}.Debug|x64.ActiveCfg = Debug|x64
		{415C14E0-D07C-4A09-B6EE-5611DEB00248}.Debug|x64.Build.0 = Debug|x64
		{415C14E0-D07C-4A09-B6EE-5611DEB00248}.Debug|x86.ActiveCfg = Debug|Win32
		{415C14E0-D07C-4A09-B6EE-5611DEB00248}.Debug|x86.Build.0 = Debug|Win32
		{415C14E0-D07C-4A09-B6EE-5611DEB00248}.Release|x64.ActiveCfg = Release|x64
		{415C14E0-D07C-4A09-B6EE-5611DEB00248}.Release|x64.Build.0 = Release|x64
		{415C14E0-D07C-4A09-B6EE-5611DEB00248}.Release|x86.ActiveCfg = Release|Win32
		{415C14E0-D07C-4A09-B6EE-5611DEB00248}.Release|x86.Build.0 = Release|Win32
		{1F938CA9-A224-464D-A109-C482D5114E09}.Debug|x64.ActiveCfg = Debug|x64
		{1F938CA9-A224-464D-A109-C482D5114E09}.Debug|x64.Build.0 = Debug|x64
		{1F938CA9-A224-464D-A109-C482D5114E09}.Debug|x86.ActiveCfg = Debug|Win32
		{1F938CA9-A224-464D-A109-C482D5114E09}.Debug|x86.Build.0 = Debug|Win32
		{1F938CA9-A224-464D-A109-C482D5114E09}.Release|x64.ActiveCfg = Release|x64
		{1F938CA9-A224-464D-A109-C482D5114E09}.Release|x64.Build.0 = Release|x64
		{1F938CA9-A224-464D-A109-C482D5114E09}.Release|x86.ActiveCfg = Release|Win32
		{1F938CA9-A224-464D-A109-C482D5114E09}.Release|x86.Build.0 = Release|Win32
		{7BC3B92E-94FF-4B71-9BFE-19AD67F13DAD}.Debug|x64.ActiveCfg = Debug|x64
		{7BC3B92E-94FF-4B71-9BFE-19AD67F13DAD}.Debug|x64.Build.0 = Debug|x64
		{7BC3B92E-94FF-4B71-9BFE-19AD67F13DAD}.Debug|x86.ActiveCfg = Debug|Win32
		{7BC3B92E-94FF-4B71-9BFE-19AD67F13DAD}.Debug|x86.Build.0 = Debug|Win32
		{7BC3B92E-94FF-4B71-9BFE-19AD67F13DAD}.Release|x64.ActiveCfg = Release|x64
		{7BC3B92E-94FF-4B71-9BFE-19AD67F13DAD}.Release|x64.Build.0 = Release|x64
		{7BC3B92E-94FF-4B71-9BFE-19AD67F13DAD}.Release|x86.ActiveCfg = Release|Win32
		{7BC3B92E-94FF-4B71-9BFE-19AD67F13DAD}.Release|x86.Build.0 = Release|Win32
		{AF3793B5-F829-40D4-8AD7-6BDF9C744F4D}.Debug|x64.ActiveCfg = Debug|x64
		{AF3793B5-F829-40D4-8AD7-6BDF9C744F4D}.Debug|x64.Build.0 = Debug|x64
		{AF3793B5-F829-40D4-8AD7-6BDF9C744F4D}.Debug|x86.ActiveCfg = Debug|Win32
		{AF3793B5-F829-40D4-8AD7-6BDF9C744F4D}.Debug|x86.Build.0 = Debug|Win32
		{AF3793B5-F829-40D4-8AD7-6BDF9C744F4D}.Release|x64.ActiveCfg = Release|x64
		{AF3793B5-F829-40D4-8AD7-6BDF9C744F4D}.Release|x64.Build.0 = Release|x64
		{AF3793B5-F829-40D4-8AD7-6BDF9C744F4D}.Release|x86.ActiveCfg = Release|Win32
		{AF3793B5-F829-40D4-8AD7-6BDF9C744F4D}.Release|x86.Build.0 = Release|Win32
		{CE697FC0-97C9-43A7-BFB8-6C3B9912FCED}.Debug|x64.ActiveCfg = Debug|x64
		{CE697FC0-97C9-43A7-BFB8-6C3B9912FCED}.Debug|x64.Build.0 = Debug|x64
		{CE697FC0-97C9-43A7-BFB8-6C3B9912FCED}.Debug|x86.ActiveCfg = Debug|Win32
		{CE697FC0-97C9-43A7-BFB8-6C3B9912FCED}.Debug|x86.Build.0 = Debug|Win32
		{CE697FC0-97C9-43A7-BFB8-6C3B9912FCED}.Release|x64.ActiveCfg = Release|x64
		{CE697FC0-97C9-43A7-BFB8-6C3B9912FCED}.Release|x64.Build.0 = Release|x64
		{CE697FC0-97C9-43A7-BFB8-6C3B9912FCED}.Release|x86.ActiveCfg = Release|Win32
		{CE697FC0-97C9-43A7-BFB8-6C3B9912FCED}.Release|x86.Build.0 = Release|Win32
		{56FEF43C-2C57-41CE-B296-5A286D674AFE}.Debug|x64.ActiveCfg = Debug|x64
		{56FEF43C-2C57-41CE-B296-5A286D674AFE}.Debug|x64.Build.0 = Debug|x64
		{56FEF43C-2C57-41CE-B296-5A286D674AFE}.Debug|x86.ActiveCfg = Debug|Win32
		{56FEF43C-2C57-41CE-B296-5A286D674AFE}.Debug|x86.Build.0 = Debug|Win32
		{56FEF43C-2C57-41CE-B296-5A286D674AFE}.Release|x64.ActiveCfg = Release|x64
		{56FEF43C-2C57-41CE-B296-5A286D674AFE}.Release|x64.Build.0 = Release|x64
		{56FEF43C-2C57-41CE-B296-5A286D674AFE}.Release|x86.ActiveCfg = Release|Win32
		{56FEF43C-2C57-41CE-B296-5A286D674AFE}.Release|x86.Build.0 = Release|Win32
		{AC9FC79E-549B-4324-BCCD-122C4F17092B}.Debug|x64.ActiveCfg = Debug|x64
		{AC9FC79E-549B-4324-BCCD-122C4F17092B}.Debug|x64.Build.0 = Debug|x64
		{AC9FC79E-549B-4324-BCCD-122C4F17092B}.Debug|x86.ActiveCfg = Debug|Win32
		{AC9FC79E-549B-4324-BCCD-122C4F17092B}.Debug|x86.Build.0 = Debug|Win32
		{AC9FC79E-549B-4324-BCCD-122C4F17092B}.Release|x64.ActiveCfg = Release|x64
		{AC9FC79E-549B-4324-BCCD-122C4F17092B}.Release|x64.Build.0 = Release|x64
		{AC9FC79E-549B-4324-BCCD-122C4F17092B}.Release|x86.ActiveCfg = Release|Win32
		{AC9FC79E-549B-4324-BCCD-122C4F17092B}.Release|x86.Build.0 = Release|Win32
	EndGlobalSection
	GlobalSection(SolutionProperties) = preSolution
		HideSolutionNode = FALSE
	EndGlobalSection
	GlobalSection(ExtensibilityGlobals) = postSolution
		SolutionGuid = {D6E765B1-8E8B-48C6-9C90-5783A369BABF}
	EndGlobalSection
EndGlobal
